
Microsoft Visual Studio Solution File, Format Version 12.00
# Visual Studio 15
VisualStudioVersion = 15.0.27004.2006
MinimumVisualStudioVersion = 10.0.40219.1
Project("{FAE04EC0-301F-11D3-BF4B-00C04F79EFBC}") = "ToolbarOverlay", "ToolbarOverlay\ToolbarOverlay.csproj", "{BB954CEE-BCAC-43E4-B0BB-3B5487D14D26}"
EndProject
Global
	GlobalSection(SolutionConfigurationPlatforms) = preSolution
		Debug|Any CPU = Debug|Any CPU
		Release|Any CPU = Release|Any CPU
	EndGlobalSection
	GlobalSection(ProjectConfigurationPlatforms) = postSolution
		{BB954CEE-BCAC-43E4-B0BB-3B5487D14D26}.Debug|Any CPU.ActiveCfg = Debug|Any CPU
		{BB954CEE-BCAC-43E4-B0BB-3B5487D14D26}.Debug|Any CPU.Build.0 = Debug|Any CPU
		{BB954CEE-BCAC-43E4-B0BB-3B5487D14D26}.Debug|Any CPU.Deploy.0 = Debug|Any CPU
		{BB954CEE-BCAC-43E4-B0BB-3B5487D14D26}.Release|Any CPU.ActiveCfg = Release|Any CPU
		{BB954CEE-BCAC-43E4-B0BB-3B5487D14D26}.Release|Any CPU.Build.0 = Release|Any CPU
		{BB954CEE-BCAC-43E4-B0BB-3B5487D14D26}.Release|Any CPU.Deploy.0 = Release|Any CPU
	EndGlobalSection
	GlobalSection(SolutionProperties) = preSolution
		HideSolutionNode = FALSE
	EndGlobalSection
	GlobalSection(ExtensibilityGlobals) = postSolution
		SolutionGuid = {76C29D63-0FAA-4121-AA1D-6378B6FD571C}
	EndGlobalSection
EndGlobal
